// !$*UTF8*$!
{
	archiveVersion = 1;
	classes = {
	};
	objectVersion = 46;
	objects = {

/* Begin PBXBuildFile section */
		616F29481B67FBBE0070215F /* AppDelegate.swift in Sources */ = {isa = PBXBuildFile; fileRef = 616F29471B67FBBE0070215F /* AppDelegate.swift */; };
		616F294A1B67FBBE0070215F /* GameController.swift in Sources */ = {isa = PBXBuildFile; fileRef = 616F29491B67FBBE0070215F /* GameController.swift */; };
		616F294D1B67FBBE0070215F /* Main.storyboard in Resources */ = {isa = PBXBuildFile; fileRef = 616F294B1B67FBBE0070215F /* Main.storyboard */; };
		616F294F1B67FBBE0070215F /* Assets.xcassets in Resources */ = {isa = PBXBuildFile; fileRef = 616F294E1B67FBBE0070215F /* Assets.xcassets */; };
		616F29651B67FC260070215F /* RSScene.framework in Frameworks */ = {isa = PBXBuildFile; fileRef = 616F29601B67FC000070215F /* RSScene.framework */; };
		616F29671B67FC5E0070215F /* RSScene.framework in Copy Frameworks */ = {isa = PBXBuildFile; fileRef = 616F29601B67FC000070215F /* RSScene.framework */; settings = {ATTRIBUTES = (CodeSignOnCopy, RemoveHeadersOnCopy, ); }; };
		616F29701B695D8F0070215F /* GameScene.swift in Sources */ = {isa = PBXBuildFile; fileRef = 616F296F1B695D8F0070215F /* GameScene.swift */; };
/* End PBXBuildFile section */

/* Begin PBXContainerItemProxy section */
		616F295F1B67FC000070215F /* PBXContainerItemProxy */ = {
			isa = PBXContainerItemProxy;
			containerPortal = 616F295A1B67FC000070215F /* RSScene.xcodeproj */;
			proxyType = 2;
			remoteGlobalIDString = 616F28D91B67FAE00070215F;
			remoteInfo = RSScene;
		};
		616F29611B67FC000070215F /* PBXContainerItemProxy */ = {
			isa = PBXContainerItemProxy;
			containerPortal = 616F295A1B67FC000070215F /* RSScene.xcodeproj */;
			proxyType = 2;
			remoteGlobalIDString = 616F28E31B67FAE00070215F;
			remoteInfo = RSSceneTests;
		};
		616F29631B67FC180070215F /* PBXContainerItemProxy */ = {
			isa = PBXContainerItemProxy;
			containerPortal = 616F295A1B67FC000070215F /* RSScene.xcodeproj */;
			proxyType = 1;
			remoteGlobalIDString = 616F28D81B67FAE00070215F;
			remoteInfo = RSScene;
		};
/* End PBXContainerItemProxy section */

/* Begin PBXCopyFilesBuildPhase section */
		616F29661B67FC440070215F /* Copy Frameworks */ = {
			isa = PBXCopyFilesBuildPhase;
			buildActionMask = 2147483647;
			dstPath = "";
			dstSubfolderSpec = 10;
			files = (
				616F29671B67FC5E0070215F /* RSScene.framework in Copy Frameworks */,
			);
			name = "Copy Frameworks";
			runOnlyForDeploymentPostprocessing = 0;
		};
/* End PBXCopyFilesBuildPhase section */

/* Begin PBXFileReference section */
		616F29441B67FBBE0070215F /* Example.app */ = {isa = PBXFileReference; explicitFileType = wrapper.application; includeInIndex = 0; path = Example.app; sourceTree = BUILT_PRODUCTS_DIR; };
		616F29471B67FBBE0070215F /* AppDelegate.swift */ = {isa = PBXFileReference; lastKnownFileType = sourcecode.swift; path = AppDelegate.swift; sourceTree = "<group>"; };
		616F29491B67FBBE0070215F /* GameController.swift */ = {isa = PBXFileReference; lastKnownFileType = sourcecode.swift; path = GameController.swift; sourceTree = "<group>"; };
		616F294C1B67FBBE0070215F /* Base */ = {isa = PBXFileReference; lastKnownFileType = file.storyboard; name = Base; path = Base.lproj/Main.storyboard; sourceTree = "<group>"; };
		616F294E1B67FBBE0070215F /* Assets.xcassets */ = {isa = PBXFileReference; lastKnownFileType = folder.assetcatalog; path = Assets.xcassets; sourceTree = "<group>"; };
		616F29531B67FBBE0070215F /* Info.plist */ = {isa = PBXFileReference; lastKnownFileType = text.plist.xml; path = Info.plist; sourceTree = "<group>"; };
		616F295A1B67FC000070215F /* RSScene.xcodeproj */ = {isa = PBXFileReference; lastKnownFileType = "wrapper.pb-project"; name = RSScene.xcodeproj; path = ../RSScene/RSScene.xcodeproj; sourceTree = "<group>"; };
		616F296F1B695D8F0070215F /* GameScene.swift */ = {isa = PBXFileReference; fileEncoding = 4; lastKnownFileType = sourcecode.swift; path = GameScene.swift; sourceTree = "<group>"; };
/* End PBXFileReference section */

/* Begin PBXFrameworksBuildPhase section */
		616F29411B67FBBE0070215F /* Frameworks */ = {
			isa = PBXFrameworksBuildPhase;
			buildActionMask = 2147483647;
			files = (
				616F29651B67FC260070215F /* RSScene.framework in Frameworks */,
			);
			runOnlyForDeploymentPostprocessing = 0;
		};
/* End PBXFrameworksBuildPhase section */

/* Begin PBXGroup section */
		616F293B1B67FBBE0070215F = {
			isa = PBXGroup;
			children = (
				616F295A1B67FC000070215F /* RSScene.xcodeproj */,
				616F29461B67FBBE0070215F /* Example */,
				616F29451B67FBBE0070215F /* Products */,
			);
			sourceTree = "<group>";
		};
		616F29451B67FBBE0070215F /* Products */ = {
			isa = PBXGroup;
			children = (
				616F29441B67FBBE0070215F /* Example.app */,
			);
			name = Products;
			sourceTree = "<group>";
		};
		616F29461B67FBBE0070215F /* Example */ = {
			isa = PBXGroup;
			children = (
				616F29471B67FBBE0070215F /* AppDelegate.swift */,
				616F29491B67FBBE0070215F /* GameController.swift */,
				616F296F1B695D8F0070215F /* GameScene.swift */,
				616F294B1B67FBBE0070215F /* Main.storyboard */,
				616F294E1B67FBBE0070215F /* Assets.xcassets */,
				616F29531B67FBBE0070215F /* Info.plist */,
			);
			path = Example;
			sourceTree = "<group>";
		};
		616F295B1B67FC000070215F /* Products */ = {
			isa = PBXGroup;
			children = (
				616F29601B67FC000070215F /* RSScene.framework */,
				616F29621B67FC000070215F /* RSSceneTests.xctest */,
			);
			name = Products;
			sourceTree = "<group>";
		};
/* End PBXGroup section */

/* Begin PBXNativeTarget section */
		616F29431B67FBBE0070215F /* Example */ = {
			isa = PBXNativeTarget;
			buildConfigurationList = 616F29561B67FBBE0070215F /* Build configuration list for PBXNativeTarget "Example" */;
			buildPhases = (
				616F29401B67FBBE0070215F /* Sources */,
				616F29411B67FBBE0070215F /* Frameworks */,
				616F29421B67FBBE0070215F /* Resources */,
				616F29661B67FC440070215F /* Copy Frameworks */,
			);
			buildRules = (
			);
			dependencies = (
				616F29641B67FC180070215F /* PBXTargetDependency */,
			);
			name = Example;
			productName = Example;
			productReference = 616F29441B67FBBE0070215F /* Example.app */;
			productType = "com.apple.product-type.application";
		};
/* End PBXNativeTarget section */

/* Begin PBXProject section */
		616F293C1B67FBBE0070215F /* Project object */ = {
			isa = PBXProject;
			attributes = {
				LastUpgradeCheck = 0700;
				ORGANIZATIONNAME = "Matthias Fey";
				TargetAttributes = {
					616F29431B67FBBE0070215F = {
						CreatedOnToolsVersion = 7.0;
					};
				};
			};
			buildConfigurationList = 616F293F1B67FBBE0070215F /* Build configuration list for PBXProject "Example" */;
			compatibilityVersion = "Xcode 3.2";
			developmentRegion = English;
			hasScannedForEncodings = 0;
			knownRegions = (
				en,
				Base,
			);
			mainGroup = 616F293B1B67FBBE0070215F;
			productRefGroup = 616F29451B67FBBE0070215F /* Products */;
			projectDirPath = "";
			projectReferences = (
				{
					ProductGroup = 616F295B1B67FC000070215F /* Products */;
					ProjectRef = 616F295A1B67FC000070215F /* RSScene.xcodeproj */;
				},
			);
			projectRoot = "";
			targets = (
				616F29431B67FBBE0070215F /* Example */,
			);
		};
/* End PBXProject section */

/* Begin PBXReferenceProxy section */
		616F29601B67FC000070215F /* RSScene.framework */ = {
			isa = PBXReferenceProxy;
			fileType = wrapper.framework;
			path = RSScene.framework;
			remoteRef = 616F295F1B67FC000070215F /* PBXContainerItemProxy */;
			sourceTree = BUILT_PRODUCTS_DIR;
		};
		616F29621B67FC000070215F /* RSSceneTests.xctest */ = {
			isa = PBXReferenceProxy;
			fileType = wrapper.cfbundle;
			path = RSSceneTests.xctest;
			remoteRef = 616F29611B67FC000070215F /* PBXContainerItemProxy */;
			sourceTree = BUILT_PRODUCTS_DIR;
		};
/* End PBXReferenceProxy section */

/* Begin PBXResourcesBuildPhase section */
		616F29421B67FBBE0070215F /* Resources */ = {
			isa = PBXResourcesBuildPhase;
			buildActionMask = 2147483647;
			files = (
				616F294F1B67FBBE0070215F /* Assets.xcassets in Resources */,
				616F294D1B67FBBE0070215F /* Main.storyboard in Resources */,
			);
			runOnlyForDeploymentPostprocessing = 0;
		};
/* End PBXResourcesBuildPhase section */

/* Begin PBXSourcesBuildPhase section */
		616F29401B67FBBE0070215F /* Sources */ = {
			isa = PBXSourcesBuildPhase;
			buildActionMask = 2147483647;
			files = (
				616F29701B695D8F0070215F /* GameScene.swift in Sources */,
				616F294A1B67FBBE0070215F /* GameController.swift in Sources */,
				616F29481B67FBBE0070215F /* AppDelegate.swift in Sources */,
			);
			runOnlyForDeploymentPostprocessing = 0;
		};
/* End PBXSourcesBuildPhase section */

/* Begin PBXTargetDependency section */
		616F29641B67FC180070215F /* PBXTargetDependency */ = {
			isa = PBXTargetDependency;
			name = RSScene;
			targetProxy = 616F29631B67FC180070215F /* PBXContainerItemProxy */;
		};
/* End PBXTargetDependency section */

/* Begin PBXVariantGroup section */
		616F294B1B67FBBE0070215F /* Main.storyboard */ = {
			isa = PBXVariantGroup;
			children = (
				616F294C1B67FBBE0070215F /* Base */,
			);
			name = Main.storyboard;
			sourceTree = "<group>";
		};
/* End PBXVariantGroup section */

/* Begin XCBuildConfiguration section */
		616F29541B67FBBE0070215F /* Debug */ = {
			isa = XCBuildConfiguration;
			buildSettings = {
				ALWAYS_SEARCH_USER_PATHS = NO;
				CLANG_CXX_LANGUAGE_STANDARD = "gnu++0x";
				CLANG_CXX_LIBRARY = "libc++";
				CLANG_ENABLE_MODULES = YES;
				CLANG_ENABLE_OBJC_ARC = YES;
				CLANG_WARN_BOOL_CONVERSION = YES;
				CLANG_WARN_CONSTANT_CONVERSION = YES;
				CLANG_WARN_DIRECT_OBJC_ISA_USAGE = YES_ERROR;
				CLANG_WARN_EMPTY_BODY = YES;
				CLANG_WARN_ENUM_CONVERSION = YES;
				CLANG_WARN_INT_CONVERSION = YES;
				CLANG_WARN_OBJC_ROOT_CLASS = YES_ERROR;
				CLANG_WARN_UNREACHABLE_CODE = YES;
				CLANG_WARN__DUPLICATE_METHOD_MATCH = YES;
				"CODE_SIGN_IDENTITY[sdk=iphoneos*]" = "iPhone Developer";
				COPY_PHASE_STRIP = NO;
				DEBUG_INFORMATION_FORMAT = dwarf;
				ENABLE_STRICT_OBJC_MSGSEND = YES;
				ENABLE_TESTABILITY = YES;
				GCC_C_LANGUAGE_STANDARD = gnu99;
				GCC_DYNAMIC_NO_PIC = NO;
				GCC_NO_COMMON_BLOCKS = YES;
				GCC_OPTIMIZATION_LEVEL = 0;
				GCC_PREPROCESSOR_DEFINITIONS = (
					"DEBUG=1",
					"$(inherited)",
				);
				GCC_WARN_64_TO_32_BIT_CONVERSION = YES;
				GCC_WARN_ABOUT_RETURN_TYPE = YES_ERROR;
				GCC_WARN_UNDECLARED_SELECTOR = YES;
				GCC_WARN_UNINITIALIZED_AUTOS = YES_AGGRESSIVE;
				GCC_WARN_UNUSED_FUNCTION = YES;
				GCC_WARN_UNUSED_VARIABLE = YES;
				IPHONEOS_DEPLOYMENT_TARGET = 9.0;
				MTL_ENABLE_DEBUG_INFO = YES;
				ONLY_ACTIVE_ARCH = YES;
				SDKROOT = iphoneos;
				SWIFT_OPTIMIZATION_LEVEL = "-Onone";
				TARGETED_DEVICE_FAMILY = "1,2";
			};
			name = Debug;
		};
		616F29551B67FBBE0070215F /* Release */ = {
			isa = XCBuildConfiguration;
			buildSettings = {
				ALWAYS_SEARCH_USER_PATHS = NO;
				CLANG_CXX_LANGUAGE_STANDARD = "gnu++0x";
				CLANG_CXX_LIBRARY = "libc++";
				CLANG_ENABLE_MODULES = YES;
				CLANG_ENABLE_OBJC_ARC = YES;
				CLANG_WARN_BOOL_CONVERSION = YES;
				CLANG_WARN_CONSTANT_CONVERSION = YES;
				CLANG_WARN_DIRECT_OBJC_ISA_USAGE = YES_ERROR;
				CLANG_WARN_EMPTY_BODY = YES;
				CLANG_WARN_ENUM_CONVERSION = YES;
				CLANG_WARN_INT_CONVERSION = YES;
				CLANG_WARN_OBJC_ROOT_CLASS = YES_ERROR;
				CLANG_WARN_UNREACHABLE_CODE = YES;
				CLANG_WARN__DUPLICATE_METHOD_MATCH = YES;
				"CODE_SIGN_IDENTITY[sdk=iphoneos*]" = "iPhone Developer";
				COPY_PHASE_STRIP = NO;
				DEBUG_INFORMATION_FORMAT = "dwarf-with-dsym";
				ENABLE_NS_ASSERTIONS = NO;
				ENABLE_STRICT_OBJC_MSGSEND = YES;
				GCC_C_LANGUAGE_STANDARD = gnu99;
				GCC_NO_COMMON_BLOCKS = YES;
				GCC_WARN_64_TO_32_BIT_CONVERSION = YES;
				GCC_WARN_ABOUT_RETURN_TYPE = YES_ERROR;
				GCC_WARN_UNDECLARED_SELECTOR = YES;
				GCC_WARN_UNINITIALIZED_AUTOS = YES_AGGRESSIVE;
				GCC_WARN_UNUSED_FUNCTION = YES;
				GCC_WARN_UNUSED_VARIABLE = YES;
				IPHONEOS_DEPLOYMENT_TARGET = 9.0;
				MTL_ENABLE_DEBUG_INFO = NO;
				SDKROOT = iphoneos;
				TARGETED_DEVICE_FAMILY = "1,2";
				VALIDATE_PRODUCT = YES;
			};
			name = Release;
		};
		616F29571B67FBBE0070215F /* Debug */ = {
			isa = XCBuildConfiguration;
			buildSettings = {
				ASSETCATALOG_COMPILER_APPICON_NAME = AppIcon;
				INFOPLIST_FILE = Example/Info.plist;
				LD_RUNPATH_SEARCH_PATHS = "$(inherited) @executable_path/Frameworks";
				PRODUCT_BUNDLE_IDENTIFIER = rusty1s.Example;
				PRODUCT_NAME = "$(TARGET_NAME)";
			};
			name = Debug;
		};
		616F29581B67FBBE0070215F /* Release */ = {
			isa = XCBuildConfiguration;
			buildSettings = {
				ASSETCATALOG_COMPILER_APPICON_NAME = AppIcon;
				INFOPLIST_FILE = Example/Info.plist;
				LD_RUNPATH_SEARCH_PATHS = "$(inherited) @executable_path/Frameworks";
				PRODUCT_BUNDLE_IDENTIFIER = rusty1s.Example;
				PRODUCT_NAME = "$(TARGET_NAME)";
			};
			name = Release;
		};
/* End XCBuildConfiguration section */

/* Begin XCConfigurationList section */
		616F293F1B67FBBE0070215F /* Build configuration list for PBXProject "Example" */ = {
			isa = XCConfigurationList;
			buildConfigurations = (
				616F29541B67FBBE0070215F /* Debug */,
				616F29551B67FBBE0070215F /* Release */,
			);
			defaultConfigurationIsVisible = 0;
			defaultConfigurationName = Release;
		};
		616F29561B67FBBE0070215F /* Build configuration list for PBXNativeTarget "Example" */ = {
			isa = XCConfigurationList;
			buildConfigurations = (
				616F29571B67FBBE0070215F /* Debug */,
				616F29581B67FBBE0070215F /* Release */,
			);
			defaultConfigurationIsVisible = 0;
			defaultConfigurationName = Release;
		};
/* End XCConfigurationList section */
	};
	rootObject = 616F293C1B67FBBE0070215F /* Project object */;
}
